
Microsoft Visual Studio Solution File, Format Version 12.00
# Visual Studio Version 17
VisualStudioVersion = 17.2.32630.192
MinimumVisualStudioVersion = 10.0.40219.1
Project("{FAE04EC0-301F-11D3-BF4B-00C04F79EFBC}") = "InformationManager", "InformationManager\InformationManager.csproj", "{8E54538E-9492-4658-BF7F-4C70B4FEE24B}"
EndProject
Global
	GlobalSection(SolutionConfigurationPlatforms) = preSolution
		Debug|Any CPU = Debug|Any CPU
		Release|Any CPU = Release|Any CPU
	EndGlobalSection
	GlobalSection(ProjectConfigurationPlatforms) = postSolution
		{8E54538E-9492-4658-BF7F-4C70B4FEE24B}.Debug|Any CPU.ActiveCfg = Debug|Any CPU
		{8E54538E-9492-4658-BF7F-4C70B4FEE24B}.Debug|Any CPU.Build.0 = Debug|Any CPU
		{8E54538E-9492-4658-BF7F-4C70B4FEE24B}.Release|Any CPU.ActiveCfg = Release|Any CPU
		{8E54538E-9492-4658-BF7F-4C70B4FEE24B}.Release|Any CPU.Build.0 = Release|Any CPU
	EndGlobalSection
	GlobalSection(SolutionProperties) = preSolution
		HideSolutionNode = FALSE
	EndGlobalSection
	GlobalSection(ExtensibilityGlobals) = postSolution
		SolutionGuid = {A2969073-A3B1-4156-8BB0-CC916E3BE0BE}
	EndGlobalSection
EndGlobal
